// !$*UTF8*$!
{
	archiveVersion = 1;
	classes = {
	};
	objectVersion = 54;
	objects = {

/* Begin PBXBuildFile section */
		BDDCEB822899999F00148E44 /* AppDelegate.swift in Sources */ = {isa = PBXBuildFile; fileRef = BDDCEB812899999F00148E44 /* AppDelegate.swift */; };
		BDDCEB842899999F00148E44 /* SceneDelegate.swift in Sources */ = {isa = PBXBuildFile; fileRef = BDDCEB832899999F00148E44 /* SceneDelegate.swift */; };
		BDDCEB862899999F00148E44 /* ViewController.swift in Sources */ = {isa = PBXBuildFile; fileRef = BDDCEB852899999F00148E44 /* ViewController.swift */; };
		BDDCEB892899999F00148E44 /* Main.storyboard in Resources */ = {isa = PBXBuildFile; fileRef = BDDCEB872899999F00148E44 /* Main.storyboard */; };
		BDDCEB8C2899999F00148E44 /* finalProject_beta.xcdatamodeld in Sources */ = {isa = PBXBuildFile; fileRef = BDDCEB8A2899999F00148E44 /* finalProject_beta.xcdatamodeld */; };
		BDDCEB8E289999A000148E44 /* Assets.xcassets in Resources */ = {isa = PBXBuildFile; fileRef = BDDCEB8D289999A000148E44 /* Assets.xcassets */; };
		BDDCEB91289999A000148E44 /* LaunchScreen.storyboard in Resources */ = {isa = PBXBuildFile; fileRef = BDDCEB8F289999A000148E44 /* LaunchScreen.storyboard */; };
		BDDCEB9C289999A000148E44 /* finalProject_betaTests.swift in Sources */ = {isa = PBXBuildFile; fileRef = BDDCEB9B289999A000148E44 /* finalProject_betaTests.swift */; };
		BDDCEBA6289999A000148E44 /* finalProject_betaUITests.swift in Sources */ = {isa = PBXBuildFile; fileRef = BDDCEBA5289999A000148E44 /* finalProject_betaUITests.swift */; };
		BDDCEBA8289999A000148E44 /* finalProject_betaUITestsLaunchTests.swift in Sources */ = {isa = PBXBuildFile; fileRef = BDDCEBA7289999A000148E44 /* finalProject_betaUITestsLaunchTests.swift */; };
/* End PBXBuildFile section */

/* Begin PBXContainerItemProxy section */
		BDDCEB98289999A000148E44 /* PBXContainerItemProxy */ = {
			isa = PBXContainerItemProxy;
			containerPortal = BDDCEB762899999F00148E44 /* Project object */;
			proxyType = 1;
			remoteGlobalIDString = BDDCEB7D2899999F00148E44;
			remoteInfo = finalProject_beta;
		};
		BDDCEBA2289999A000148E44 /* PBXContainerItemProxy */ = {
			isa = PBXContainerItemProxy;
			containerPortal = BDDCEB762899999F00148E44 /* Project object */;
			proxyType = 1;
			remoteGlobalIDString = BDDCEB7D2899999F00148E44;
			remoteInfo = finalProject_beta;
		};
/* End PBXContainerItemProxy section */

/* Begin PBXFileReference section */
		BDDCEB7E2899999F00148E44 /* finalProject_beta.app */ = {isa = PBXFileReference; explicitFileType = wrapper.application; includeInIndex = 0; path = finalProject_beta.app; sourceTree = BUILT_PRODUCTS_DIR; };
		BDDCEB812899999F00148E44 /* AppDelegate.swift */ = {isa = PBXFileReference; lastKnownFileType = sourcecode.swift; path = AppDelegate.swift; sourceTree = "<group>"; };
		BDDCEB832899999F00148E44 /* SceneDelegate.swift */ = {isa = PBXFileReference; lastKnownFileType = sourcecode.swift; path = SceneDelegate.swift; sourceTree = "<group>"; };
		BDDCEB852899999F00148E44 /* ViewController.swift */ = {isa = PBXFileReference; lastKnownFileType = sourcecode.swift; path = ViewController.swift; sourceTree = "<group>"; };
		BDDCEB882899999F00148E44 /* Base */ = {isa = PBXFileReference; lastKnownFileType = file.storyboard; name = Base; path = Base.lproj/Main.storyboard; sourceTree = "<group>"; };
		BDDCEB8B2899999F00148E44 /* finalProject_beta.xcdatamodel */ = {isa = PBXFileReference; lastKnownFileType = wrapper.xcdatamodel; path = finalProject_beta.xcdatamodel; sourceTree = "<group>"; };
		BDDCEB8D289999A000148E44 /* Assets.xcassets */ = {isa = PBXFileReference; lastKnownFileType = folder.assetcatalog; path = Assets.xcassets; sourceTree = "<group>"; };
		BDDCEB90289999A000148E44 /* Base */ = {isa = PBXFileReference; lastKnownFileType = file.storyboard; name = Base; path = Base.lproj/LaunchScreen.storyboard; sourceTree = "<group>"; };
		BDDCEB92289999A000148E44 /* Info.plist */ = {isa = PBXFileReference; lastKnownFileType = text.plist.xml; path = Info.plist; sourceTree = "<group>"; };
		BDDCEB97289999A000148E44 /* finalProject_betaTests.xctest */ = {isa = PBXFileReference; explicitFileType = wrapper.cfbundle; includeInIndex = 0; path = finalProject_betaTests.xctest; sourceTree = BUILT_PRODUCTS_DIR; };
		BDDCEB9B289999A000148E44 /* finalProject_betaTests.swift */ = {isa = PBXFileReference; lastKnownFileType = sourcecode.swift; path = finalProject_betaTests.swift; sourceTree = "<group>"; };
		BDDCEBA1289999A000148E44 /* finalProject_betaUITests.xctest */ = {isa = PBXFileReference; explicitFileType = wrapper.cfbundle; includeInIndex = 0; path = finalProject_betaUITests.xctest; sourceTree = BUILT_PRODUCTS_DIR; };
		BDDCEBA5289999A000148E44 /* finalProject_betaUITests.swift */ = {isa = PBXFileReference; lastKnownFileType = sourcecode.swift; path = finalProject_betaUITests.swift; sourceTree = "<group>"; };
		BDDCEBA7289999A000148E44 /* finalProject_betaUITestsLaunchTests.swift */ = {isa = PBXFileReference; lastKnownFileType = sourcecode.swift; path = finalProject_betaUITestsLaunchTests.swift; sourceTree = "<group>"; };
/* End PBXFileReference section */

/* Begin PBXFrameworksBuildPhase section */
		BDDCEB7B2899999F00148E44 /* Frameworks */ = {
			isa = PBXFrameworksBuildPhase;
			buildActionMask = 2147483647;
			files = (
			);
			runOnlyForDeploymentPostprocessing = 0;
		};
		BDDCEB94289999A000148E44 /* Frameworks */ = {
			isa = PBXFrameworksBuildPhase;
			buildActionMask = 2147483647;
			files = (
			);
			runOnlyForDeploymentPostprocessing = 0;
		};
		BDDCEB9E289999A000148E44 /* Frameworks */ = {
			isa = PBXFrameworksBuildPhase;
			buildActionMask = 2147483647;
			files = (
			);
			runOnlyForDeploymentPostprocessing = 0;
		};
/* End PBXFrameworksBuildPhase section */

/* Begin PBXGroup section */
		BDDCEB752899999F00148E44 = {
			isa = PBXGroup;
			children = (
				BDDCEB802899999F00148E44 /* finalProject_beta */,
				BDDCEB9A289999A000148E44 /* finalProject_betaTests */,
				BDDCEBA4289999A000148E44 /* finalProject_betaUITests */,
				BDDCEB7F2899999F00148E44 /* Products */,
			);
			sourceTree = "<group>";
		};
		BDDCEB7F2899999F00148E44 /* Products */ = {
			isa = PBXGroup;
			children = (
				BDDCEB7E2899999F00148E44 /* finalProject_beta.app */,
				BDDCEB97289999A000148E44 /* finalProject_betaTests.xctest */,
				BDDCEBA1289999A000148E44 /* finalProject_betaUITests.xctest */,
			);
			name = Products;
			sourceTree = "<group>";
		};
		BDDCEB802899999F00148E44 /* finalProject_beta */ = {
			isa = PBXGroup;
			children = (
				BDDCEB812899999F00148E44 /* AppDelegate.swift */,
				BDDCEB832899999F00148E44 /* SceneDelegate.swift */,
				BDDCEB852899999F00148E44 /* ViewController.swift */,
				BDDCEB872899999F00148E44 /* Main.storyboard */,
				BDDCEB8D289999A000148E44 /* Assets.xcassets */,
				BDDCEB8F289999A000148E44 /* LaunchScreen.storyboard */,
				BDDCEB92289999A000148E44 /* Info.plist */,
				BDDCEB8A2899999F00148E44 /* finalProject_beta.xcdatamodeld */,
			);
			path = finalProject_beta;
			sourceTree = "<group>";
		};
		BDDCEB9A289999A000148E44 /* finalProject_betaTests */ = {
			isa = PBXGroup;
			children = (
				BDDCEB9B289999A000148E44 /* finalProject_betaTests.swift */,
			);
			path = finalProject_betaTests;
			sourceTree = "<group>";
		};
		BDDCEBA4289999A000148E44 /* finalProject_betaUITests */ = {
			isa = PBXGroup;
			children = (
				BDDCEBA5289999A000148E44 /* finalProject_betaUITests.swift */,
				BDDCEBA7289999A000148E44 /* finalProject_betaUITestsLaunchTests.swift */,
			);
			path = finalProject_betaUITests;
			sourceTree = "<group>";
		};
/* End PBXGroup section */

/* Begin PBXNativeTarget section */
		BDDCEB7D2899999F00148E44 /* finalProject_beta */ = {
			isa = PBXNativeTarget;
			buildConfigurationList = BDDCEBAB289999A000148E44 /* Build configuration list for PBXNativeTarget "finalProject_beta" */;
			buildPhases = (
				BDDCEB7A2899999F00148E44 /* Sources */,
				BDDCEB7B2899999F00148E44 /* Frameworks */,
				BDDCEB7C2899999F00148E44 /* Resources */,
			);
			buildRules = (
			);
			dependencies = (
			);
			name = finalProject_beta;
			productName = finalProject_beta;
			productReference = BDDCEB7E2899999F00148E44 /* finalProject_beta.app */;
			productType = "com.apple.product-type.application";
		};
		BDDCEB96289999A000148E44 /* finalProject_betaTests */ = {
			isa = PBXNativeTarget;
			buildConfigurationList = BDDCEBAE289999A000148E44 /* Build configuration list for PBXNativeTarget "finalProject_betaTests" */;
			buildPhases = (
				BDDCEB93289999A000148E44 /* Sources */,
				BDDCEB94289999A000148E44 /* Frameworks */,
				BDDCEB95289999A000148E44 /* Resources */,
			);
			buildRules = (
			);
			dependencies = (
				BDDCEB99289999A000148E44 /* PBXTargetDependency */,
			);
			name = finalProject_betaTests;
			productName = finalProject_betaTests;
			productReference = BDDCEB97289999A000148E44 /* finalProject_betaTests.xctest */;
			productType = "com.apple.product-type.bundle.unit-test";
		};
		BDDCEBA0289999A000148E44 /* finalProject_betaUITests */ = {
			isa = PBXNativeTarget;
			buildConfigurationList = BDDCEBB1289999A000148E44 /* Build configuration list for PBXNativeTarget "finalProject_betaUITests" */;
			buildPhases = (
				BDDCEB9D289999A000148E44 /* Sources */,
				BDDCEB9E289999A000148E44 /* Frameworks */,
				BDDCEB9F289999A000148E44 /* Resources */,
			);
			buildRules = (
			);
			dependencies = (
				BDDCEBA3289999A000148E44 /* PBXTargetDependency */,
			);
			name = finalProject_betaUITests;
			productName = finalProject_betaUITests;
			productReference = BDDCEBA1289999A000148E44 /* finalProject_betaUITests.xctest */;
			productType = "com.apple.product-type.bundle.ui-testing";
		};
/* End PBXNativeTarget section */

/* Begin PBXProject section */
		BDDCEB762899999F00148E44 /* Project object */ = {
			isa = PBXProject;
			attributes = {
				BuildIndependentTargetsInParallel = 1;
				LastSwiftUpdateCheck = 1340;
				LastUpgradeCheck = 1340;
				TargetAttributes = {
					BDDCEB7D2899999F00148E44 = {
						CreatedOnToolsVersion = 13.4.1;
					};
					BDDCEB96289999A000148E44 = {
						CreatedOnToolsVersion = 13.4.1;
						TestTargetID = BDDCEB7D2899999F00148E44;
					};
					BDDCEBA0289999A000148E44 = {
						CreatedOnToolsVersion = 13.4.1;
						TestTargetID = BDDCEB7D2899999F00148E44;
					};
				};
			};
			buildConfigurationList = BDDCEB792899999F00148E44 /* Build configuration list for PBXProject "finalProject_beta" */;
			compatibilityVersion = "Xcode 12.0";
			developmentRegion = en;
			hasScannedForEncodings = 0;
			knownRegions = (
				en,
				Base,
			);
			mainGroup = BDDCEB752899999F00148E44;
			productRefGroup = BDDCEB7F2899999F00148E44 /* Products */;
			projectDirPath = "";
			projectRoot = "";
			targets = (
				BDDCEB7D2899999F00148E44 /* finalProject_beta */,
				BDDCEB96289999A000148E44 /* finalProject_betaTests */,
				BDDCEBA0289999A000148E44 /* finalProject_betaUITests */,
			);
		};
/* End PBXProject section */

/* Begin PBXResourcesBuildPhase section */
		BDDCEB7C2899999F00148E44 /* Resources */ = {
			isa = PBXResourcesBuildPhase;
			buildActionMask = 2147483647;
			files = (
				BDDCEB91289999A000148E44 /* LaunchScreen.storyboard in Resources */,
				BDDCEB8E289999A000148E44 /* Assets.xcassets in Resources */,
				BDDCEB892899999F00148E44 /* Main.storyboard in Resources */,
			);
			runOnlyForDeploymentPostprocessing = 0;
		};
		BDDCEB95289999A000148E44 /* Resources */ = {
			isa = PBXResourcesBuildPhase;
			buildActionMask = 2147483647;
			files = (
			);
			runOnlyForDeploymentPostprocessing = 0;
		};
		BDDCEB9F289999A000148E44 /* Resources */ = {
			isa = PBXResourcesBuildPhase;
			buildActionMask = 2147483647;
			files = (
			);
			runOnlyForDeploymentPostprocessing = 0;
		};
/* End PBXResourcesBuildPhase section */

/* Begin PBXSourcesBuildPhase section */
		BDDCEB7A2899999F00148E44 /* Sources */ = {
			isa = PBXSourcesBuildPhase;
			buildActionMask = 2147483647;
			files = (
				BDDCEB862899999F00148E44 /* ViewController.swift in Sources */,
				BDDCEB822899999F00148E44 /* AppDelegate.swift in Sources */,
				BDDCEB8C2899999F00148E44 /* finalProject_beta.xcdatamodeld in Sources */,
				BDDCEB842899999F00148E44 /* SceneDelegate.swift in Sources */,
			);
			runOnlyForDeploymentPostprocessing = 0;
		};
		BDDCEB93289999A000148E44 /* Sources */ = {
			isa = PBXSourcesBuildPhase;
			buildActionMask = 2147483647;
			files = (
				BDDCEB9C289999A000148E44 /* finalProject_betaTests.swift in Sources */,
			);
			runOnlyForDeploymentPostprocessing = 0;
		};
		BDDCEB9D289999A000148E44 /* Sources */ = {
			isa = PBXSourcesBuildPhase;
			buildActionMask = 2147483647;
			files = (
				BDDCEBA6289999A000148E44 /* finalProject_betaUITests.swift in Sources */,
				BDDCEBA8289999A000148E44 /* finalProject_betaUITestsLaunchTests.swift in Sources */,
			);
			runOnlyForDeploymentPostprocessing = 0;
		};
/* End PBXSourcesBuildPhase section */

/* Begin PBXTargetDependency section */
		BDDCEB99289999A000148E44 /* PBXTargetDependency */ = {
			isa = PBXTargetDependency;
			target = BDDCEB7D2899999F00148E44 /* finalProject_beta */;
			targetProxy = BDDCEB98289999A000148E44 /* PBXContainerItemProxy */;
		};
		BDDCEBA3289999A000148E44 /* PBXTargetDependency */ = {
			isa = PBXTargetDependency;
			target = BDDCEB7D2899999F00148E44 /* finalProject_beta */;
			targetProxy = BDDCEBA2289999A000148E44 /* PBXContainerItemProxy */;
		};
/* End PBXTargetDependency section */

/* Begin PBXVariantGroup section */
		BDDCEB872899999F00148E44 /* Main.storyboard */ = {
			isa = PBXVariantGroup;
			children = (
				BDDCEB882899999F00148E44 /* Base */,
			);
			name = Main.storyboard;
			sourceTree = "<group>";
		};
		BDDCEB8F289999A000148E44 /* LaunchScreen.storyboard */ = {
			isa = PBXVariantGroup;
			children = (
				BDDCEB90289999A000148E44 /* Base */,
			);
			name = LaunchScreen.storyboard;
			sourceTree = "<group>";
		};
/* End PBXVariantGroup section */

/* Begin XCBuildConfiguration section */
		BDDCEBA9289999A000148E44 /* Debug */ = {
			isa = XCBuildConfiguration;
			buildSettings = {
				ALWAYS_SEARCH_USER_PATHS = NO;
				CLANG_ANALYZER_NONNULL = YES;
				CLANG_ANALYZER_NUMBER_OBJECT_CONVERSION = YES_AGGRESSIVE;
				CLANG_CXX_LANGUAGE_STANDARD = "gnu++17";
				CLANG_ENABLE_MODULES = YES;
				CLANG_ENABLE_OBJC_ARC = YES;
				CLANG_ENABLE_OBJC_WEAK = YES;
				CLANG_WARN_BLOCK_CAPTURE_AUTORELEASING = YES;
				CLANG_WARN_BOOL_CONVERSION = YES;
				CLANG_WARN_COMMA = YES;
				CLANG_WARN_CONSTANT_CONVERSION = YES;
				CLANG_WARN_DEPRECATED_OBJC_IMPLEMENTATIONS = YES;
				CLANG_WARN_DIRECT_OBJC_ISA_USAGE = YES_ERROR;
				CLANG_WARN_DOCUMENTATION_COMMENTS = YES;
				CLANG_WARN_EMPTY_BODY = YES;
				CLANG_WARN_ENUM_CONVERSION = YES;
				CLANG_WARN_INFINITE_RECURSION = YES;
				CLANG_WARN_INT_CONVERSION = YES;
				CLANG_WARN_NON_LITERAL_NULL_CONVERSION = YES;
				CLANG_WARN_OBJC_IMPLICIT_RETAIN_SELF = YES;
				CLANG_WARN_OBJC_LITERAL_CONVERSION = YES;
				CLANG_WARN_OBJC_ROOT_CLASS = YES_ERROR;
				CLANG_WARN_QUOTED_INCLUDE_IN_FRAMEWORK_HEADER = YES;
				CLANG_WARN_RANGE_LOOP_ANALYSIS = YES;
				CLANG_WARN_STRICT_PROTOTYPES = YES;
				CLANG_WARN_SUSPICIOUS_MOVE = YES;
				CLANG_WARN_UNGUARDED_AVAILABILITY = YES_AGGRESSIVE;
				CLANG_WARN_UNREACHABLE_CODE = YES;
				CLANG_WARN__DUPLICATE_METHOD_MATCH = YES;
				COPY_PHASE_STRIP = NO;
				DEBUG_INFORMATION_FORMAT = dwarf;
				ENABLE_STRICT_OBJC_MSGSEND = YES;
				ENABLE_TESTABILITY = YES;
				GCC_C_LANGUAGE_STANDARD = gnu11;
				GCC_DYNAMIC_NO_PIC = NO;
				GCC_NO_COMMON_BLOCKS = YES;
				GCC_OPTIMIZATION_LEVEL = 0;
				GCC_PREPROCESSOR_DEFINITIONS = (
					"DEBUG=1",
					"$(inherited)",
				);
				GCC_WARN_64_TO_32_BIT_CONVERSION = YES;
				GCC_WARN_ABOUT_RETURN_TYPE = YES_ERROR;
				GCC_WARN_UNDECLARED_SELECTOR = YES;
				GCC_WARN_UNINITIALIZED_AUTOS = YES_AGGRESSIVE;
				GCC_WARN_UNUSED_FUNCTION = YES;
				GCC_WARN_UNUSED_VARIABLE = YES;
				IPHONEOS_DEPLOYMENT_TARGET = 14.4;
				MTL_ENABLE_DEBUG_INFO = INCLUDE_SOURCE;
				MTL_FAST_MATH = YES;
				ONLY_ACTIVE_ARCH = YES;
				SDKROOT = iphoneos;
				SWIFT_ACTIVE_COMPILATION_CONDITIONS = DEBUG;
				SWIFT_OPTIMIZATION_LEVEL = "-Onone";
			};
			name = Debug;
		};
		BDDCEBAA289999A000148E44 /* Release */ = {
			isa = XCBuildConfiguration;
			buildSettings = {
				ALWAYS_SEARCH_USER_PATHS = NO;
				CLANG_ANALYZER_NONNULL = YES;
				CLANG_ANALYZER_NUMBER_OBJECT_CONVERSION = YES_AGGRESSIVE;
				CLANG_CXX_LANGUAGE_STANDARD = "gnu++17";
				CLANG_ENABLE_MODULES = YES;
				CLANG_ENABLE_OBJC_ARC = YES;
				CLANG_ENABLE_OBJC_WEAK = YES;
				CLANG_WARN_BLOCK_CAPTURE_AUTORELEASING = YES;
				CLANG_WARN_BOOL_CONVERSION = YES;
				CLANG_WARN_COMMA = YES;
				CLANG_WARN_CONSTANT_CONVERSION = YES;
				CLANG_WARN_DEPRECATED_OBJC_IMPLEMENTATIONS = YES;
				CLANG_WARN_DIRECT_OBJC_ISA_USAGE = YES_ERROR;
				CLANG_WARN_DOCUMENTATION_COMMENTS = YES;
				CLANG_WARN_EMPTY_BODY = YES;
				CLANG_WARN_ENUM_CONVERSION = YES;
				CLANG_WARN_INFINITE_RECURSION = YES;
				CLANG_WARN_INT_CONVERSION = YES;
				CLANG_WARN_NON_LITERAL_NULL_CONVERSION = YES;
				CLANG_WARN_OBJC_IMPLICIT_RETAIN_SELF = YES;
				CLANG_WARN_OBJC_LITERAL_CONVERSION = YES;
				CLANG_WARN_OBJC_ROOT_CLASS = YES_ERROR;
				CLANG_WARN_QUOTED_INCLUDE_IN_FRAMEWORK_HEADER = YES;
				CLANG_WARN_RANGE_LOOP_ANALYSIS = YES;
				CLANG_WARN_STRICT_PROTOTYPES = YES;
				CLANG_WARN_SUSPICIOUS_MOVE = YES;
				CLANG_WARN_UNGUARDED_AVAILABILITY = YES_AGGRESSIVE;
				CLANG_WARN_UNREACHABLE_CODE = YES;
				CLANG_WARN__DUPLICATE_METHOD_MATCH = YES;
				COPY_PHASE_STRIP = NO;
				DEBUG_INFORMATION_FORMAT = "dwarf-with-dsym";
				ENABLE_NS_ASSERTIONS = NO;
				ENABLE_STRICT_OBJC_MSGSEND = YES;
				GCC_C_LANGUAGE_STANDARD = gnu11;
				GCC_NO_COMMON_BLOCKS = YES;
				GCC_WARN_64_TO_32_BIT_CONVERSION = YES;
				GCC_WARN_ABOUT_RETURN_TYPE = YES_ERROR;
				GCC_WARN_UNDECLARED_SELECTOR = YES;
				GCC_WARN_UNINITIALIZED_AUTOS = YES_AGGRESSIVE;
				GCC_WARN_UNUSED_FUNCTION = YES;
				GCC_WARN_UNUSED_VARIABLE = YES;
				IPHONEOS_DEPLOYMENT_TARGET = 14.4;
				MTL_ENABLE_DEBUG_INFO = NO;
				MTL_FAST_MATH = YES;
				SDKROOT = iphoneos;
				SWIFT_COMPILATION_MODE = wholemodule;
				SWIFT_OPTIMIZATION_LEVEL = "-O";
				VALIDATE_PRODUCT = YES;
			};
			name = Release;
		};
		BDDCEBAC289999A000148E44 /* Debug */ = {
			isa = XCBuildConfiguration;
			buildSettings = {
				ASSETCATALOG_COMPILER_APPICON_NAME = AppIcon;
				ASSETCATALOG_COMPILER_GLOBAL_ACCENT_COLOR_NAME = AccentColor;
				CODE_SIGN_STYLE = Automatic;
				CURRENT_PROJECT_VERSION = 1;
				GENERATE_INFOPLIST_FILE = YES;
				INFOPLIST_FILE = finalProject_beta/Info.plist;
				INFOPLIST_KEY_UIApplicationSupportsIndirectInputEvents = YES;
				INFOPLIST_KEY_UILaunchStoryboardName = LaunchScreen;
				INFOPLIST_KEY_UIMainStoryboardFile = Main;
				INFOPLIST_KEY_UISupportedInterfaceOrientations_iPad = "UIInterfaceOrientationPortrait UIInterfaceOrientationPortraitUpsideDown UIInterfaceOrientationLandscapeLeft UIInterfaceOrientationLandscapeRight";
				INFOPLIST_KEY_UISupportedInterfaceOrientations_iPhone = "UIInterfaceOrientationPortrait UIInterfaceOrientationLandscapeLeft UIInterfaceOrientationLandscapeRight";
				LD_RUNPATH_SEARCH_PATHS = (
					"$(inherited)",
					"@executable_path/Frameworks",
				);
				MARKETING_VERSION = 1.0;
				PRODUCT_BUNDLE_IDENTIFIER = "kwk.finalProject-beta";
				PRODUCT_NAME = "$(TARGET_NAME)";
				SWIFT_EMIT_LOC_STRINGS = YES;
				SWIFT_VERSION = 5.0;
				TARGETED_DEVICE_FAMILY = "1,2";
			};
			name = Debug;
		};
		BDDCEBAD289999A000148E44 /* Release */ = {
			isa = XCBuildConfiguration;
			buildSettings = {
				ASSETCATALOG_COMPILER_APPICON_NAME = AppIcon;
				ASSETCATALOG_COMPILER_GLOBAL_ACCENT_COLOR_NAME = AccentColor;
				CODE_SIGN_STYLE = Automatic;
				CURRENT_PROJECT_VERSION = 1;
				GENERATE_INFOPLIST_FILE = YES;
				INFOPLIST_FILE = finalProject_beta/Info.plist;
				INFOPLIST_KEY_UIApplicationSupportsIndirectInputEvents = YES;
				INFOPLIST_KEY_UILaunchStoryboardName = LaunchScreen;
				INFOPLIST_KEY_UIMainStoryboardFile = Main;
				INFOPLIST_KEY_UISupportedInterfaceOrientations_iPad = "UIInterfaceOrientationPortrait UIInterfaceOrientationPortraitUpsideDown UIInterfaceOrientationLandscapeLeft UIInterfaceOrientationLandscapeRight";
				INFOPLIST_KEY_UISupportedInterfaceOrientations_iPhone = "UIInterfaceOrientationPortrait UIInterfaceOrientationLandscapeLeft UIInterfaceOrientationLandscapeRight";
				LD_RUNPATH_SEARCH_PATHS = (
					"$(inherited)",
					"@executable_path/Frameworks",
				);
				MARKETING_VERSION = 1.0;
				PRODUCT_BUNDLE_IDENTIFIER = "kwk.finalProject-beta";
				PRODUCT_NAME = "$(TARGET_NAME)";
				SWIFT_EMIT_LOC_STRINGS = YES;
				SWIFT_VERSION = 5.0;
				TARGETED_DEVICE_FAMILY = "1,2";
			};
			name = Release;
		};
		BDDCEBAF289999A000148E44 /* Debug */ = {
			isa = XCBuildConfiguration;
			buildSettings = {
				ALWAYS_EMBED_SWIFT_STANDARD_LIBRARIES = YES;
				BUNDLE_LOADER = "$(TEST_HOST)";
				CODE_SIGN_STYLE = Automatic;
				CURRENT_PROJECT_VERSION = 1;
				GENERATE_INFOPLIST_FILE = YES;
				IPHONEOS_DEPLOYMENT_TARGET = 15.5;
				MARKETING_VERSION = 1.0;
				PRODUCT_BUNDLE_IDENTIFIER = "kwk.finalProject-betaTests";
				PRODUCT_NAME = "$(TARGET_NAME)";
				SWIFT_EMIT_LOC_STRINGS = NO;
				SWIFT_VERSION = 5.0;
				TARGETED_DEVICE_FAMILY = "1,2";
				TEST_HOST = "$(BUILT_PRODUCTS_DIR)/finalProject_beta.app/finalProject_beta";
			};
			name = Debug;
		};
		BDDCEBB0289999A000148E44 /* Release */ = {
			isa = XCBuildConfiguration;
			buildSettings = {
				ALWAYS_EMBED_SWIFT_STANDARD_LIBRARIES = YES;
				BUNDLE_LOADER = "$(TEST_HOST)";
				CODE_SIGN_STYLE = Automatic;
				CURRENT_PROJECT_VERSION = 1;
				GENERATE_INFOPLIST_FILE = YES;
				IPHONEOS_DEPLOYMENT_TARGET = 15.5;
				MARKETING_VERSION = 1.0;
				PRODUCT_BUNDLE_IDENTIFIER = "kwk.finalProject-betaTests";
				PRODUCT_NAME = "$(TARGET_NAME)";
				SWIFT_EMIT_LOC_STRINGS = NO;
				SWIFT_VERSION = 5.0;
				TARGETED_DEVICE_FAMILY = "1,2";
				TEST_HOST = "$(BUILT_PRODUCTS_DIR)/finalProject_beta.app/finalProject_beta";
			};
			name = Release;
		};
		BDDCEBB2289999A000148E44 /* Debug */ = {
			isa = XCBuildConfiguration;
			buildSettings = {
				ALWAYS_EMBED_SWIFT_STANDARD_LIBRARIES = YES;
				CODE_SIGN_STYLE = Automatic;
				CURRENT_PROJECT_VERSION = 1;
				GENERATE_INFOPLIST_FILE = YES;
				MARKETING_VERSION = 1.0;
				PRODUCT_BUNDLE_IDENTIFIER = "kwk.finalProject-betaUITests";
				PRODUCT_NAME = "$(TARGET_NAME)";
				SWIFT_EMIT_LOC_STRINGS = NO;
				SWIFT_VERSION = 5.0;
				TARGETED_DEVICE_FAMILY = "1,2";
				TEST_TARGET_NAME = finalProject_beta;
			};
			name = Debug;
		};
		BDDCEBB3289999A000148E44 /* Release */ = {
			isa = XCBuildConfiguration;
			buildSettings = {
				ALWAYS_EMBED_SWIFT_STANDARD_LIBRARIES = YES;
				CODE_SIGN_STYLE = Automatic;
				CURRENT_PROJECT_VERSION = 1;
				GENERATE_INFOPLIST_FILE = YES;
				MARKETING_VERSION = 1.0;
				PRODUCT_BUNDLE_IDENTIFIER = "kwk.finalProject-betaUITests";
				PRODUCT_NAME = "$(TARGET_NAME)";
				SWIFT_EMIT_LOC_STRINGS = NO;
				SWIFT_VERSION = 5.0;
				TARGETED_DEVICE_FAMILY = "1,2";
				TEST_TARGET_NAME = finalProject_beta;
			};
			name = Release;
		};
/* End XCBuildConfiguration section */

/* Begin XCConfigurationList section */
		BDDCEB792899999F00148E44 /* Build configuration list for PBXProject "finalProject_beta" */ = {
			isa = XCConfigurationList;
			buildConfigurations = (
				BDDCEBA9289999A000148E44 /* Debug */,
				BDDCEBAA289999A000148E44 /* Release */,
			);
			defaultConfigurationIsVisible = 0;
			defaultConfigurationName = Release;
		};
		BDDCEBAB289999A000148E44 /* Build configuration list for PBXNativeTarget "finalProject_beta" */ = {
			isa = XCConfigurationList;
			buildConfigurations = (
				BDDCEBAC289999A000148E44 /* Debug */,
				BDDCEBAD289999A000148E44 /* Release */,
			);
			defaultConfigurationIsVisible = 0;
			defaultConfigurationName = Release;
		};
		BDDCEBAE289999A000148E44 /* Build configuration list for PBXNativeTarget "finalProject_betaTests" */ = {
			isa = XCConfigurationList;
			buildConfigurations = (
				BDDCEBAF289999A000148E44 /* Debug */,
				BDDCEBB0289999A000148E44 /* Release */,
			);
			defaultConfigurationIsVisible = 0;
			defaultConfigurationName = Release;
		};
		BDDCEBB1289999A000148E44 /* Build configuration list for PBXNativeTarget "finalProject_betaUITests" */ = {
			isa = XCConfigurationList;
			buildConfigurations = (
				BDDCEBB2289999A000148E44 /* Debug */,
				BDDCEBB3289999A000148E44 /* Release */,
			);
			defaultConfigurationIsVisible = 0;
			defaultConfigurationName = Release;
		};
/* End XCConfigurationList section */

/* Begin XCVersionGroup section */
		BDDCEB8A2899999F00148E44 /* finalProject_beta.xcdatamodeld */ = {
			isa = XCVersionGroup;
			children = (
				BDDCEB8B2899999F00148E44 /* finalProject_beta.xcdatamodel */,
			);
			currentVersion = BDDCEB8B2899999F00148E44 /* finalProject_beta.xcdatamodel */;
			path = finalProject_beta.xcdatamodeld;
			sourceTree = "<group>";
			versionGroupType = wrapper.xcdatamodel;
		};
/* End XCVersionGroup section */
	};
	rootObject = BDDCEB762899999F00148E44 /* Project object */;
}
